// !$*UTF8*$!
{
	archiveVersion = 1;
	classes = {
	};
	objectVersion = 56;
	objects = {

/* Begin PBXBuildFile section */
		160798F02BA787C500672850 /* NavigationBar.swift in Sources */ = {isa = PBXBuildFile; fileRef = 160798EF2BA787C500672850 /* NavigationBar.swift */; };
		162D0DF12BC08CE300ADA431 /* CreateUsernameView.swift in Sources */ = {isa = PBXBuildFile; fileRef = 162D0DF02BC08CE300ADA431 /* CreateUsernameView.swift */; };
		1635B9542BBEE91100E1E9C5 /* CategoryScreen.swift in Sources */ = {isa = PBXBuildFile; fileRef = 1635B9532BBEE91100E1E9C5 /* CategoryScreen.swift */; };
		1635B9572BBF19A100E1E9C5 /* FirebaseAuth in Frameworks */ = {isa = PBXBuildFile; productRef = 1635B9562BBF19A100E1E9C5 /* FirebaseAuth */; };
		1635B95E2BBF252100E1E9C5 /* AuthenticationService.swift in Sources */ = {isa = PBXBuildFile; fileRef = 1635B95D2BBF252100E1E9C5 /* AuthenticationService.swift */; };
		1635B9602BBF2A7400E1E9C5 /* MyAccountScreen.swift in Sources */ = {isa = PBXBuildFile; fileRef = 1635B95F2BBF2A7400E1E9C5 /* MyAccountScreen.swift */; };
		163AAAE12BC137E3003BCCF5 /* SettingsViewModel.swift in Sources */ = {isa = PBXBuildFile; fileRef = 163AAAE02BC137E3003BCCF5 /* SettingsViewModel.swift */; };
		163AAAE62BC14A20003BCCF5 /* KCTextFieldStyle.swift in Sources */ = {isa = PBXBuildFile; fileRef = 163AAAE52BC14A20003BCCF5 /* KCTextFieldStyle.swift */; };
		16570D912BBFEF860069B11D /* SettingsScreen.swift in Sources */ = {isa = PBXBuildFile; fileRef = 16570D902BBFEF860069B11D /* SettingsScreen.swift */; };
		16570D942BBFF5590069B11D /* UINavigationController.swift in Sources */ = {isa = PBXBuildFile; fileRef = 16570D932BBFF5590069B11D /* UINavigationController.swift */; };
		16570D962BBFF6F90069B11D /* AuthenticationScreen.swift in Sources */ = {isa = PBXBuildFile; fileRef = 16570D952BBFF6F90069B11D /* AuthenticationScreen.swift */; };
		16570D992BBFFC420069B11D /* AuthenticationForm.swift in Sources */ = {isa = PBXBuildFile; fileRef = 16570D982BBFFC420069B11D /* AuthenticationForm.swift */; };
		16570D9B2BBFFD3B0069B11D /* SignInScreen.swift in Sources */ = {isa = PBXBuildFile; fileRef = 16570D9A2BBFFD3B0069B11D /* SignInScreen.swift */; };
		16570D9D2BBFFD470069B11D /* SignUpScreen.swift in Sources */ = {isa = PBXBuildFile; fileRef = 16570D9C2BBFFD470069B11D /* SignUpScreen.swift */; };
		16570DA02BBFFD720069B11D /* AuthenticationViewModel.swift in Sources */ = {isa = PBXBuildFile; fileRef = 16570D9F2BBFFD720069B11D /* AuthenticationViewModel.swift */; };
		1659622C2BA6E7700041D9AE /* Application.swift in Sources */ = {isa = PBXBuildFile; fileRef = 1659622B2BA6E7700041D9AE /* Application.swift */; };
		1659622E2BA6E7700041D9AE /* ContentView.swift in Sources */ = {isa = PBXBuildFile; fileRef = 1659622D2BA6E7700041D9AE /* ContentView.swift */; };
		165962302BA6E7710041D9AE /* Assets.xcassets in Resources */ = {isa = PBXBuildFile; fileRef = 1659622F2BA6E7710041D9AE /* Assets.xcassets */; };
		165962342BA6E7710041D9AE /* Preview Assets.xcassets in Resources */ = {isa = PBXBuildFile; fileRef = 165962332BA6E7710041D9AE /* Preview Assets.xcassets */; };
		165962452BA6EBF00041D9AE /* Montserrat.ttf in Resources */ = {isa = PBXBuildFile; fileRef = 165962442BA6EBF00041D9AE /* Montserrat.ttf */; };
		1659624B2BA6EF040041D9AE /* GoogleService-Info.plist in Resources */ = {isa = PBXBuildFile; fileRef = 1659624A2BA6EF040041D9AE /* GoogleService-Info.plist */; };
		1659624E2BA6F14D0041D9AE /* FirebaseAnalytics in Frameworks */ = {isa = PBXBuildFile; productRef = 1659624D2BA6F14D0041D9AE /* FirebaseAnalytics */; };
		165962522BA6F14D0041D9AE /* FirebaseAnalyticsSwift in Frameworks */ = {isa = PBXBuildFile; productRef = 165962512BA6F14D0041D9AE /* FirebaseAnalyticsSwift */; };
		165962842BA6FD500041D9AE /* AppNavigationView.swift in Sources */ = {isa = PBXBuildFile; fileRef = 165962832BA6FD500041D9AE /* AppNavigationView.swift */; };
		165962882BA716EA0041D9AE /* HomeHeaderView.swift in Sources */ = {isa = PBXBuildFile; fileRef = 165962872BA716EA0041D9AE /* HomeHeaderView.swift */; };
		1659628D2BA718290041D9AE /* View.swift in Sources */ = {isa = PBXBuildFile; fileRef = 1659628C2BA718290041D9AE /* View.swift */; };
		1659628F2BA719200041D9AE /* HomeScreen.swift in Sources */ = {isa = PBXBuildFile; fileRef = 1659628E2BA719200041D9AE /* HomeScreen.swift */; };
		165962912BA719F40041D9AE /* LayoutSectionView.swift in Sources */ = {isa = PBXBuildFile; fileRef = 165962902BA719F40041D9AE /* LayoutSectionView.swift */; };
		165962932BA71A8F0041D9AE /* ButtonPrimary.swift in Sources */ = {isa = PBXBuildFile; fileRef = 165962922BA71A8F0041D9AE /* ButtonPrimary.swift */; };
		165962962BA71BDD0041D9AE /* QuizCategory.swift in Sources */ = {isa = PBXBuildFile; fileRef = 165962952BA71BDD0041D9AE /* QuizCategory.swift */; };
		165962982BA765650041D9AE /* BottomSheet.swift in Sources */ = {isa = PBXBuildFile; fileRef = 165962972BA765650041D9AE /* BottomSheet.swift */; };
		1659629B2BA77E000041D9AE /* Router.swift in Sources */ = {isa = PBXBuildFile; fileRef = 1659629A2BA77E000041D9AE /* Router.swift */; };
		1668B6CC2BBEA0990075E7C6 /* CustomEnvironmentKeys.swift in Sources */ = {isa = PBXBuildFile; fileRef = 1668B6CB2BBEA0990075E7C6 /* CustomEnvironmentKeys.swift */; };
		1668B6CF2BBEA4A40075E7C6 /* ConditionalStack.swift in Sources */ = {isa = PBXBuildFile; fileRef = 1668B6CE2BBEA4A40075E7C6 /* ConditionalStack.swift */; };
		168DA87E2BC109D100CE728E /* AppState.swift in Sources */ = {isa = PBXBuildFile; fileRef = 168DA87D2BC109D100CE728E /* AppState.swift */; };
/* End PBXBuildFile section */

/* Begin PBXFileReference section */
		160798EF2BA787C500672850 /* NavigationBar.swift */ = {isa = PBXFileReference; lastKnownFileType = sourcecode.swift; path = NavigationBar.swift; sourceTree = "<group>"; };
		162D0DF02BC08CE300ADA431 /* CreateUsernameView.swift */ = {isa = PBXFileReference; lastKnownFileType = sourcecode.swift; path = CreateUsernameView.swift; sourceTree = "<group>"; };
		1635B9532BBEE91100E1E9C5 /* CategoryScreen.swift */ = {isa = PBXFileReference; lastKnownFileType = sourcecode.swift; path = CategoryScreen.swift; sourceTree = "<group>"; };
		1635B95D2BBF252100E1E9C5 /* AuthenticationService.swift */ = {isa = PBXFileReference; lastKnownFileType = sourcecode.swift; path = AuthenticationService.swift; sourceTree = "<group>"; };
		1635B95F2BBF2A7400E1E9C5 /* MyAccountScreen.swift */ = {isa = PBXFileReference; lastKnownFileType = sourcecode.swift; path = MyAccountScreen.swift; sourceTree = "<group>"; };
		163AAAE02BC137E3003BCCF5 /* SettingsViewModel.swift */ = {isa = PBXFileReference; lastKnownFileType = sourcecode.swift; path = SettingsViewModel.swift; sourceTree = "<group>"; };
		163AAAE52BC14A20003BCCF5 /* KCTextFieldStyle.swift */ = {isa = PBXFileReference; lastKnownFileType = sourcecode.swift; path = KCTextFieldStyle.swift; sourceTree = "<group>"; };
		16570D902BBFEF860069B11D /* SettingsScreen.swift */ = {isa = PBXFileReference; lastKnownFileType = sourcecode.swift; path = SettingsScreen.swift; sourceTree = "<group>"; };
		16570D932BBFF5590069B11D /* UINavigationController.swift */ = {isa = PBXFileReference; lastKnownFileType = sourcecode.swift; path = UINavigationController.swift; sourceTree = "<group>"; };
		16570D952BBFF6F90069B11D /* AuthenticationScreen.swift */ = {isa = PBXFileReference; lastKnownFileType = sourcecode.swift; path = AuthenticationScreen.swift; sourceTree = "<group>"; };
		16570D982BBFFC420069B11D /* AuthenticationForm.swift */ = {isa = PBXFileReference; lastKnownFileType = sourcecode.swift; path = AuthenticationForm.swift; sourceTree = "<group>"; };
		16570D9A2BBFFD3B0069B11D /* SignInScreen.swift */ = {isa = PBXFileReference; lastKnownFileType = sourcecode.swift; path = SignInScreen.swift; sourceTree = "<group>"; };
		16570D9C2BBFFD470069B11D /* SignUpScreen.swift */ = {isa = PBXFileReference; lastKnownFileType = sourcecode.swift; path = SignUpScreen.swift; sourceTree = "<group>"; };
		16570D9F2BBFFD720069B11D /* AuthenticationViewModel.swift */ = {isa = PBXFileReference; lastKnownFileType = sourcecode.swift; path = AuthenticationViewModel.swift; sourceTree = "<group>"; };
		165962282BA6E7700041D9AE /* KahootClone.app */ = {isa = PBXFileReference; explicitFileType = wrapper.application; includeInIndex = 0; path = KahootClone.app; sourceTree = BUILT_PRODUCTS_DIR; };
		1659622B2BA6E7700041D9AE /* Application.swift */ = {isa = PBXFileReference; lastKnownFileType = sourcecode.swift; path = Application.swift; sourceTree = "<group>"; };
		1659622D2BA6E7700041D9AE /* ContentView.swift */ = {isa = PBXFileReference; lastKnownFileType = sourcecode.swift; path = ContentView.swift; sourceTree = "<group>"; };
		1659622F2BA6E7710041D9AE /* Assets.xcassets */ = {isa = PBXFileReference; lastKnownFileType = folder.assetcatalog; path = Assets.xcassets; sourceTree = "<group>"; };
		165962312BA6E7710041D9AE /* KahootClone.entitlements */ = {isa = PBXFileReference; lastKnownFileType = text.plist.entitlements; path = KahootClone.entitlements; sourceTree = "<group>"; };
		165962332BA6E7710041D9AE /* Preview Assets.xcassets */ = {isa = PBXFileReference; lastKnownFileType = folder.assetcatalog; path = "Preview Assets.xcassets"; sourceTree = "<group>"; };
		165962442BA6EBF00041D9AE /* Montserrat.ttf */ = {isa = PBXFileReference; lastKnownFileType = file; path = Montserrat.ttf; sourceTree = "<group>"; };
		165962462BA6EBFE0041D9AE /* Info.plist */ = {isa = PBXFileReference; lastKnownFileType = text.plist; path = Info.plist; sourceTree = "<group>"; };
		1659624A2BA6EF040041D9AE /* GoogleService-Info.plist */ = {isa = PBXFileReference; fileEncoding = 4; lastKnownFileType = text.plist.xml; path = "GoogleService-Info.plist"; sourceTree = "<group>"; };
		165962832BA6FD500041D9AE /* AppNavigationView.swift */ = {isa = PBXFileReference; lastKnownFileType = sourcecode.swift; path = AppNavigationView.swift; sourceTree = "<group>"; };
		165962872BA716EA0041D9AE /* HomeHeaderView.swift */ = {isa = PBXFileReference; lastKnownFileType = sourcecode.swift; path = HomeHeaderView.swift; sourceTree = "<group>"; };
		1659628C2BA718290041D9AE /* View.swift */ = {isa = PBXFileReference; lastKnownFileType = sourcecode.swift; path = View.swift; sourceTree = "<group>"; };
		1659628E2BA719200041D9AE /* HomeScreen.swift */ = {isa = PBXFileReference; lastKnownFileType = sourcecode.swift; path = HomeScreen.swift; sourceTree = "<group>"; };
		165962902BA719F40041D9AE /* LayoutSectionView.swift */ = {isa = PBXFileReference; lastKnownFileType = sourcecode.swift; path = LayoutSectionView.swift; sourceTree = "<group>"; };
		165962922BA71A8F0041D9AE /* ButtonPrimary.swift */ = {isa = PBXFileReference; lastKnownFileType = sourcecode.swift; path = ButtonPrimary.swift; sourceTree = "<group>"; };
		165962952BA71BDD0041D9AE /* QuizCategory.swift */ = {isa = PBXFileReference; lastKnownFileType = sourcecode.swift; path = QuizCategory.swift; sourceTree = "<group>"; };
		165962972BA765650041D9AE /* BottomSheet.swift */ = {isa = PBXFileReference; lastKnownFileType = sourcecode.swift; path = BottomSheet.swift; sourceTree = "<group>"; };
		1659629A2BA77E000041D9AE /* Router.swift */ = {isa = PBXFileReference; lastKnownFileType = sourcecode.swift; path = Router.swift; sourceTree = "<group>"; };
		1668B6CB2BBEA0990075E7C6 /* CustomEnvironmentKeys.swift */ = {isa = PBXFileReference; lastKnownFileType = sourcecode.swift; path = CustomEnvironmentKeys.swift; sourceTree = "<group>"; };
		1668B6CE2BBEA4A40075E7C6 /* ConditionalStack.swift */ = {isa = PBXFileReference; lastKnownFileType = sourcecode.swift; path = ConditionalStack.swift; sourceTree = "<group>"; };
		168DA87D2BC109D100CE728E /* AppState.swift */ = {isa = PBXFileReference; lastKnownFileType = sourcecode.swift; path = AppState.swift; sourceTree = "<group>"; };
/* End PBXFileReference section */

/* Begin PBXFrameworksBuildPhase section */
		165962252BA6E7700041D9AE /* Frameworks */ = {
			isa = PBXFrameworksBuildPhase;
			buildActionMask = 2147483647;
			files = (
				165962522BA6F14D0041D9AE /* FirebaseAnalyticsSwift in Frameworks */,
				1635B9572BBF19A100E1E9C5 /* FirebaseAuth in Frameworks */,
				1659624E2BA6F14D0041D9AE /* FirebaseAnalytics in Frameworks */,
			);
			runOnlyForDeploymentPostprocessing = 0;
		};
/* End PBXFrameworksBuildPhase section */

/* Begin PBXGroup section */
		1635B9512BBEE8F900E1E9C5 /* Category */ = {
			isa = PBXGroup;
			children = (
				1635B9522BBEE90300E1E9C5 /* Screens */,
			);
			path = Category;
			sourceTree = "<group>";
		};
		1635B9522BBEE90300E1E9C5 /* Screens */ = {
			isa = PBXGroup;
			children = (
				1635B9532BBEE91100E1E9C5 /* CategoryScreen.swift */,
			);
			path = Screens;
			sourceTree = "<group>";
		};
		1635B9552BBF19A100E1E9C5 /* Frameworks */ = {
			isa = PBXGroup;
			children = (
			);
			name = Frameworks;
			sourceTree = "<group>";
		};
		1635B9582BBF1A3200E1E9C5 /* Authentication */ = {
			isa = PBXGroup;
			children = (
				16570D9E2BBFFD680069B11D /* ViewModels */,
				16570D972BBFFC350069B11D /* Views */,
				1635B95C2BBF251200E1E9C5 /* Services */,
				1635B9592BBF1A6900E1E9C5 /* Screens */,
			);
			path = Authentication;
			sourceTree = "<group>";
		};
		1635B9592BBF1A6900E1E9C5 /* Screens */ = {
			isa = PBXGroup;
			children = (
				1635B95F2BBF2A7400E1E9C5 /* MyAccountScreen.swift */,
				16570D952BBFF6F90069B11D /* AuthenticationScreen.swift */,
				16570D9A2BBFFD3B0069B11D /* SignInScreen.swift */,
				16570D9C2BBFFD470069B11D /* SignUpScreen.swift */,
			);
			path = Screens;
			sourceTree = "<group>";
		};
		1635B95C2BBF251200E1E9C5 /* Services */ = {
			isa = PBXGroup;
			children = (
				1635B95D2BBF252100E1E9C5 /* AuthenticationService.swift */,
			);
			path = Services;
			sourceTree = "<group>";
		};
		163AAADF2BC137D8003BCCF5 /* ViewModels */ = {
			isa = PBXGroup;
			children = (
				163AAAE02BC137E3003BCCF5 /* SettingsViewModel.swift */,
			);
			path = ViewModels;
			sourceTree = "<group>";
		};
		163AAAE42BC14A0D003BCCF5 /* Styles */ = {
			isa = PBXGroup;
			children = (
				163AAAE52BC14A20003BCCF5 /* KCTextFieldStyle.swift */,
			);
			path = Styles;
			sourceTree = "<group>";
		};
		16570D8E2BBFEF720069B11D /* Settings */ = {
			isa = PBXGroup;
			children = (
				163AAADF2BC137D8003BCCF5 /* ViewModels */,
				16570D8F2BBFEF7C0069B11D /* Screens */,
			);
			path = Settings;
			sourceTree = "<group>";
		};
		16570D8F2BBFEF7C0069B11D /* Screens */ = {
			isa = PBXGroup;
			children = (
				16570D902BBFEF860069B11D /* SettingsScreen.swift */,
			);
			path = Screens;
			sourceTree = "<group>";
		};
		16570D922BBFF54C0069B11D /* Extensions */ = {
			isa = PBXGroup;
			children = (
				16570D932BBFF5590069B11D /* UINavigationController.swift */,
			);
			path = Extensions;
			sourceTree = "<group>";
		};
		16570D972BBFFC350069B11D /* Views */ = {
			isa = PBXGroup;
			children = (
				16570D982BBFFC420069B11D /* AuthenticationForm.swift */,
				162D0DF02BC08CE300ADA431 /* CreateUsernameView.swift */,
			);
			path = Views;
			sourceTree = "<group>";
		};
		16570D9E2BBFFD680069B11D /* ViewModels */ = {
			isa = PBXGroup;
			children = (
				16570D9F2BBFFD720069B11D /* AuthenticationViewModel.swift */,
			);
			path = ViewModels;
			sourceTree = "<group>";
		};
		1659621F2BA6E7700041D9AE = {
			isa = PBXGroup;
			children = (
				1659622A2BA6E7700041D9AE /* KahootClone */,
				165962292BA6E7700041D9AE /* Products */,
				1635B9552BBF19A100E1E9C5 /* Frameworks */,
			);
			sourceTree = "<group>";
		};
		165962292BA6E7700041D9AE /* Products */ = {
			isa = PBXGroup;
			children = (
				165962282BA6E7700041D9AE /* KahootClone.app */,
			);
			name = Products;
			sourceTree = "<group>";
		};
		1659622A2BA6E7700041D9AE /* KahootClone */ = {
			isa = PBXGroup;
			children = (
				1668B6C92BBEA0270075E7C6 /* Other */,
				1659623B2BA6E9B80041D9AE /* Shared */,
				1659623A2BA6E9B00041D9AE /* Features */,
				1659622B2BA6E7700041D9AE /* Application.swift */,
				1659622D2BA6E7700041D9AE /* ContentView.swift */,
				1659622F2BA6E7710041D9AE /* Assets.xcassets */,
				165962462BA6EBFE0041D9AE /* Info.plist */,
				1659624A2BA6EF040041D9AE /* GoogleService-Info.plist */,
				165962442BA6EBF00041D9AE /* Montserrat.ttf */,
				165962312BA6E7710041D9AE /* KahootClone.entitlements */,
				165962322BA6E7710041D9AE /* Preview Content */,
			);
			path = KahootClone;
			sourceTree = "<group>";
		};
		165962322BA6E7710041D9AE /* Preview Content */ = {
			isa = PBXGroup;
			children = (
				165962332BA6E7710041D9AE /* Preview Assets.xcassets */,
			);
			path = "Preview Content";
			sourceTree = "<group>";
		};
		1659623A2BA6E9B00041D9AE /* Features */ = {
			isa = PBXGroup;
			children = (
				16570D8E2BBFEF720069B11D /* Settings */,
				1635B9582BBF1A3200E1E9C5 /* Authentication */,
				1635B9512BBEE8F900E1E9C5 /* Category */,
				165962402BA6EB1E0041D9AE /* Home */,
				1659628A2BA7174E0041D9AE /* Discover */,
				165962412BA6EBA60041D9AE /* QuizManagement */,
				165962892BA717480041D9AE /* Library */,
			);
			path = Features;
			sourceTree = "<group>";
		};
		1659623B2BA6E9B80041D9AE /* Shared */ = {
			isa = PBXGroup;
			children = (
				163AAAE42BC14A0D003BCCF5 /* Styles */,
				165962992BA77DEC0041D9AE /* Service */,
				1659628B2BA718210041D9AE /* Extensions */,
				165962492BA6ED1B0041D9AE /* Views */,
				168DA87D2BC109D100CE728E /* AppState.swift */,
			);
			path = Shared;
			sourceTree = "<group>";
		};
		165962402BA6EB1E0041D9AE /* Home */ = {
			isa = PBXGroup;
			children = (
				165962862BA716D80041D9AE /* Screens */,
				165962852BA716D30041D9AE /* Views */,
			);
			path = Home;
			sourceTree = "<group>";
		};
		165962412BA6EBA60041D9AE /* QuizManagement */ = {
			isa = PBXGroup;
			children = (
				165962942BA71BD40041D9AE /* Models */,
			);
			path = QuizManagement;
			sourceTree = "<group>";
		};
		165962492BA6ED1B0041D9AE /* Views */ = {
			isa = PBXGroup;
			children = (
				165962832BA6FD500041D9AE /* AppNavigationView.swift */,
				165962902BA719F40041D9AE /* LayoutSectionView.swift */,
				165962922BA71A8F0041D9AE /* ButtonPrimary.swift */,
				165962972BA765650041D9AE /* BottomSheet.swift */,
				160798EF2BA787C500672850 /* NavigationBar.swift */,
				1668B6CE2BBEA4A40075E7C6 /* ConditionalStack.swift */,
			);
			path = Views;
			sourceTree = "<group>";
		};
		165962852BA716D30041D9AE /* Views */ = {
			isa = PBXGroup;
			children = (
				165962872BA716EA0041D9AE /* HomeHeaderView.swift */,
			);
			path = Views;
			sourceTree = "<group>";
		};
		165962862BA716D80041D9AE /* Screens */ = {
			isa = PBXGroup;
			children = (
				1659628E2BA719200041D9AE /* HomeScreen.swift */,
			);
			path = Screens;
			sourceTree = "<group>";
		};
		165962892BA717480041D9AE /* Library */ = {
			isa = PBXGroup;
			children = (
			);
			path = Library;
			sourceTree = "<group>";
		};
		1659628A2BA7174E0041D9AE /* Discover */ = {
			isa = PBXGroup;
			children = (
			);
			path = Discover;
			sourceTree = "<group>";
		};
		1659628B2BA718210041D9AE /* Extensions */ = {
			isa = PBXGroup;
			children = (
				1659628C2BA718290041D9AE /* View.swift */,
			);
			path = Extensions;
			sourceTree = "<group>";
		};
		165962942BA71BD40041D9AE /* Models */ = {
			isa = PBXGroup;
			children = (
				165962952BA71BDD0041D9AE /* QuizCategory.swift */,
			);
			path = Models;
			sourceTree = "<group>";
		};
		165962992BA77DEC0041D9AE /* Service */ = {
			isa = PBXGroup;
			children = (
				1659629A2BA77E000041D9AE /* Router.swift */,
			);
			path = Service;
			sourceTree = "<group>";
		};
		1668B6C92BBEA0270075E7C6 /* Other */ = {
			isa = PBXGroup;
			children = (
				16570D922BBFF54C0069B11D /* Extensions */,
				1668B6CB2BBEA0990075E7C6 /* CustomEnvironmentKeys.swift */,
			);
			path = Other;
			sourceTree = "<group>";
		};
/* End PBXGroup section */

/* Begin PBXNativeTarget section */
		165962272BA6E7700041D9AE /* KahootClone */ = {
			isa = PBXNativeTarget;
			buildConfigurationList = 165962372BA6E7710041D9AE /* Build configuration list for PBXNativeTarget "KahootClone" */;
			buildPhases = (
				165962242BA6E7700041D9AE /* Sources */,
				165962252BA6E7700041D9AE /* Frameworks */,
				165962262BA6E7700041D9AE /* Resources */,
			);
			buildRules = (
			);
			dependencies = (
			);
			name = KahootClone;
			packageProductDependencies = (
				1659624D2BA6F14D0041D9AE /* FirebaseAnalytics */,
				165962512BA6F14D0041D9AE /* FirebaseAnalyticsSwift */,
				1635B9562BBF19A100E1E9C5 /* FirebaseAuth */,
			);
			productName = KahootClone;
			productReference = 165962282BA6E7700041D9AE /* KahootClone.app */;
			productType = "com.apple.product-type.application";
		};
/* End PBXNativeTarget section */

/* Begin PBXProject section */
		165962202BA6E7700041D9AE /* Project object */ = {
			isa = PBXProject;
			attributes = {
				BuildIndependentTargetsInParallel = 1;
				LastSwiftUpdateCheck = 1500;
				LastUpgradeCheck = 1500;
				TargetAttributes = {
					165962272BA6E7700041D9AE = {
						CreatedOnToolsVersion = 15.0.1;
					};
				};
			};
			buildConfigurationList = 165962232BA6E7700041D9AE /* Build configuration list for PBXProject "KahootClone" */;
			compatibilityVersion = "Xcode 14.0";
			developmentRegion = en;
			hasScannedForEncodings = 0;
			knownRegions = (
				en,
				Base,
			);
			mainGroup = 1659621F2BA6E7700041D9AE;
			packageReferences = (
				1659624C2BA6F14D0041D9AE /* XCRemoteSwiftPackageReference "firebase-ios-sdk" */,
			);
			productRefGroup = 165962292BA6E7700041D9AE /* Products */;
			projectDirPath = "";
			projectRoot = "";
			targets = (
				165962272BA6E7700041D9AE /* KahootClone */,
			);
		};
/* End PBXProject section */

/* Begin PBXResourcesBuildPhase section */
		165962262BA6E7700041D9AE /* Resources */ = {
			isa = PBXResourcesBuildPhase;
			buildActionMask = 2147483647;
			files = (
				165962342BA6E7710041D9AE /* Preview Assets.xcassets in Resources */,
				1659624B2BA6EF040041D9AE /* GoogleService-Info.plist in Resources */,
				165962302BA6E7710041D9AE /* Assets.xcassets in Resources */,
				165962452BA6EBF00041D9AE /* Montserrat.ttf in Resources */,
			);
			runOnlyForDeploymentPostprocessing = 0;
		};
/* End PBXResourcesBuildPhase section */

/* Begin PBXSourcesBuildPhase section */
		165962242BA6E7700041D9AE /* Sources */ = {
			isa = PBXSourcesBuildPhase;
			buildActionMask = 2147483647;
			files = (
				1659629B2BA77E000041D9AE /* Router.swift in Sources */,
				16570D942BBFF5590069B11D /* UINavigationController.swift in Sources */,
				165962882BA716EA0041D9AE /* HomeHeaderView.swift in Sources */,
				1659622E2BA6E7700041D9AE /* ContentView.swift in Sources */,
				1659628F2BA719200041D9AE /* HomeScreen.swift in Sources */,
				1659628D2BA718290041D9AE /* View.swift in Sources */,
				1659622C2BA6E7700041D9AE /* Application.swift in Sources */,
				165962962BA71BDD0041D9AE /* QuizCategory.swift in Sources */,
				1668B6CF2BBEA4A40075E7C6 /* ConditionalStack.swift in Sources */,
				165962982BA765650041D9AE /* BottomSheet.swift in Sources */,
				16570DA02BBFFD720069B11D /* AuthenticationViewModel.swift in Sources */,
				16570D9D2BBFFD470069B11D /* SignUpScreen.swift in Sources */,
				165962842BA6FD500041D9AE /* AppNavigationView.swift in Sources */,
				16570D912BBFEF860069B11D /* SettingsScreen.swift in Sources */,
				16570D962BBFF6F90069B11D /* AuthenticationScreen.swift in Sources */,
				163AAAE12BC137E3003BCCF5 /* SettingsViewModel.swift in Sources */,
				165962932BA71A8F0041D9AE /* ButtonPrimary.swift in Sources */,
				1668B6CC2BBEA0990075E7C6 /* CustomEnvironmentKeys.swift in Sources */,
				16570D9B2BBFFD3B0069B11D /* SignInScreen.swift in Sources */,
				1635B9602BBF2A7400E1E9C5 /* MyAccountScreen.swift in Sources */,
				162D0DF12BC08CE300ADA431 /* CreateUsernameView.swift in Sources */,
				16570D992BBFFC420069B11D /* AuthenticationForm.swift in Sources */,
				168DA87E2BC109D100CE728E /* AppState.swift in Sources */,
				1635B95E2BBF252100E1E9C5 /* AuthenticationService.swift in Sources */,
				1635B9542BBEE91100E1E9C5 /* CategoryScreen.swift in Sources */,
				160798F02BA787C500672850 /* NavigationBar.swift in Sources */,
				165962912BA719F40041D9AE /* LayoutSectionView.swift in Sources */,
				163AAAE62BC14A20003BCCF5 /* KCTextFieldStyle.swift in Sources */,
			);
			runOnlyForDeploymentPostprocessing = 0;
		};
/* End PBXSourcesBuildPhase section */

/* Begin XCBuildConfiguration section */
		165962352BA6E7710041D9AE /* Debug */ = {
			isa = XCBuildConfiguration;
			buildSettings = {
				ALWAYS_SEARCH_USER_PATHS = NO;
				ASSETCATALOG_COMPILER_GENERATE_SWIFT_ASSET_SYMBOL_EXTENSIONS = YES;
				CLANG_ANALYZER_NONNULL = YES;
				CLANG_ANALYZER_NUMBER_OBJECT_CONVERSION = YES_AGGRESSIVE;
				CLANG_CXX_LANGUAGE_STANDARD = "gnu++20";
				CLANG_ENABLE_MODULES = YES;
				CLANG_ENABLE_OBJC_ARC = YES;
				CLANG_ENABLE_OBJC_WEAK = YES;
				CLANG_WARN_BLOCK_CAPTURE_AUTORELEASING = YES;
				CLANG_WARN_BOOL_CONVERSION = YES;
				CLANG_WARN_COMMA = YES;
				CLANG_WARN_CONSTANT_CONVERSION = YES;
				CLANG_WARN_DEPRECATED_OBJC_IMPLEMENTATIONS = YES;
				CLANG_WARN_DIRECT_OBJC_ISA_USAGE = YES_ERROR;
				CLANG_WARN_DOCUMENTATION_COMMENTS = YES;
				CLANG_WARN_EMPTY_BODY = YES;
				CLANG_WARN_ENUM_CONVERSION = YES;
				CLANG_WARN_INFINITE_RECURSION = YES;
				CLANG_WARN_INT_CONVERSION = YES;
				CLANG_WARN_NON_LITERAL_NULL_CONVERSION = YES;
				CLANG_WARN_OBJC_IMPLICIT_RETAIN_SELF = YES;
				CLANG_WARN_OBJC_LITERAL_CONVERSION = YES;
				CLANG_WARN_OBJC_ROOT_CLASS = YES_ERROR;
				CLANG_WARN_QUOTED_INCLUDE_IN_FRAMEWORK_HEADER = YES;
				CLANG_WARN_RANGE_LOOP_ANALYSIS = YES;
				CLANG_WARN_STRICT_PROTOTYPES = YES;
				CLANG_WARN_SUSPICIOUS_MOVE = YES;
				CLANG_WARN_UNGUARDED_AVAILABILITY = YES_AGGRESSIVE;
				CLANG_WARN_UNREACHABLE_CODE = YES;
				CLANG_WARN__DUPLICATE_METHOD_MATCH = YES;
				COPY_PHASE_STRIP = NO;
				DEBUG_INFORMATION_FORMAT = dwarf;
				ENABLE_STRICT_OBJC_MSGSEND = YES;
				ENABLE_TESTABILITY = YES;
				ENABLE_USER_SCRIPT_SANDBOXING = YES;
				GCC_C_LANGUAGE_STANDARD = gnu17;
				GCC_DYNAMIC_NO_PIC = NO;
				GCC_NO_COMMON_BLOCKS = YES;
				GCC_OPTIMIZATION_LEVEL = 0;
				GCC_PREPROCESSOR_DEFINITIONS = (
					"DEBUG=1",
					"$(inherited)",
				);
				GCC_WARN_64_TO_32_BIT_CONVERSION = YES;
				GCC_WARN_ABOUT_RETURN_TYPE = YES_ERROR;
				GCC_WARN_UNDECLARED_SELECTOR = YES;
				GCC_WARN_UNINITIALIZED_AUTOS = YES_AGGRESSIVE;
				GCC_WARN_UNUSED_FUNCTION = YES;
				GCC_WARN_UNUSED_VARIABLE = YES;
				LOCALIZATION_PREFERS_STRING_CATALOGS = YES;
				MTL_ENABLE_DEBUG_INFO = INCLUDE_SOURCE;
				MTL_FAST_MATH = YES;
				ONLY_ACTIVE_ARCH = YES;
				SWIFT_ACTIVE_COMPILATION_CONDITIONS = "DEBUG $(inherited)";
				SWIFT_OPTIMIZATION_LEVEL = "-Onone";
			};
			name = Debug;
		};
		165962362BA6E7710041D9AE /* Release */ = {
			isa = XCBuildConfiguration;
			buildSettings = {
				ALWAYS_SEARCH_USER_PATHS = NO;
				ASSETCATALOG_COMPILER_GENERATE_SWIFT_ASSET_SYMBOL_EXTENSIONS = YES;
				CLANG_ANALYZER_NONNULL = YES;
				CLANG_ANALYZER_NUMBER_OBJECT_CONVERSION = YES_AGGRESSIVE;
				CLANG_CXX_LANGUAGE_STANDARD = "gnu++20";
				CLANG_ENABLE_MODULES = YES;
				CLANG_ENABLE_OBJC_ARC = YES;
				CLANG_ENABLE_OBJC_WEAK = YES;
				CLANG_WARN_BLOCK_CAPTURE_AUTORELEASING = YES;
				CLANG_WARN_BOOL_CONVERSION = YES;
				CLANG_WARN_COMMA = YES;
				CLANG_WARN_CONSTANT_CONVERSION = YES;
				CLANG_WARN_DEPRECATED_OBJC_IMPLEMENTATIONS = YES;
				CLANG_WARN_DIRECT_OBJC_ISA_USAGE = YES_ERROR;
				CLANG_WARN_DOCUMENTATION_COMMENTS = YES;
				CLANG_WARN_EMPTY_BODY = YES;
				CLANG_WARN_ENUM_CONVERSION = YES;
				CLANG_WARN_INFINITE_RECURSION = YES;
				CLANG_WARN_INT_CONVERSION = YES;
				CLANG_WARN_NON_LITERAL_NULL_CONVERSION = YES;
				CLANG_WARN_OBJC_IMPLICIT_RETAIN_SELF = YES;
				CLANG_WARN_OBJC_LITERAL_CONVERSION = YES;
				CLANG_WARN_OBJC_ROOT_CLASS = YES_ERROR;
				CLANG_WARN_QUOTED_INCLUDE_IN_FRAMEWORK_HEADER = YES;
				CLANG_WARN_RANGE_LOOP_ANALYSIS = YES;
				CLANG_WARN_STRICT_PROTOTYPES = YES;
				CLANG_WARN_SUSPICIOUS_MOVE = YES;
				CLANG_WARN_UNGUARDED_AVAILABILITY = YES_AGGRESSIVE;
				CLANG_WARN_UNREACHABLE_CODE = YES;
				CLANG_WARN__DUPLICATE_METHOD_MATCH = YES;
				COPY_PHASE_STRIP = NO;
				DEBUG_INFORMATION_FORMAT = "dwarf-with-dsym";
				ENABLE_NS_ASSERTIONS = NO;
				ENABLE_STRICT_OBJC_MSGSEND = YES;
				ENABLE_USER_SCRIPT_SANDBOXING = YES;
				GCC_C_LANGUAGE_STANDARD = gnu17;
				GCC_NO_COMMON_BLOCKS = YES;
				GCC_WARN_64_TO_32_BIT_CONVERSION = YES;
				GCC_WARN_ABOUT_RETURN_TYPE = YES_ERROR;
				GCC_WARN_UNDECLARED_SELECTOR = YES;
				GCC_WARN_UNINITIALIZED_AUTOS = YES_AGGRESSIVE;
				GCC_WARN_UNUSED_FUNCTION = YES;
				GCC_WARN_UNUSED_VARIABLE = YES;
				LOCALIZATION_PREFERS_STRING_CATALOGS = YES;
				MTL_ENABLE_DEBUG_INFO = NO;
				MTL_FAST_MATH = YES;
				SWIFT_COMPILATION_MODE = wholemodule;
			};
			name = Release;
		};
		165962382BA6E7710041D9AE /* Debug */ = {
			isa = XCBuildConfiguration;
			buildSettings = {
				ASSETCATALOG_COMPILER_APPICON_NAME = AppIcon;
				ASSETCATALOG_COMPILER_GLOBAL_ACCENT_COLOR_NAME = AccentColor;
				CODE_SIGN_ENTITLEMENTS = KahootClone/KahootClone.entitlements;
				CODE_SIGN_STYLE = Automatic;
				CURRENT_PROJECT_VERSION = 1;
				DEVELOPMENT_ASSET_PATHS = "\"KahootClone/Preview Content\"";
				DEVELOPMENT_TEAM = Y7LXXV3QH5;
				ENABLE_HARDENED_RUNTIME = YES;
				ENABLE_PREVIEWS = YES;
				GENERATE_INFOPLIST_FILE = YES;
				INFOPLIST_FILE = KahootClone/Info.plist;
				"INFOPLIST_KEY_UIApplicationSceneManifest_Generation[sdk=iphoneos*]" = YES;
				"INFOPLIST_KEY_UIApplicationSceneManifest_Generation[sdk=iphonesimulator*]" = YES;
				"INFOPLIST_KEY_UIApplicationSupportsIndirectInputEvents[sdk=iphoneos*]" = YES;
				"INFOPLIST_KEY_UIApplicationSupportsIndirectInputEvents[sdk=iphonesimulator*]" = YES;
				"INFOPLIST_KEY_UILaunchScreen_Generation[sdk=iphoneos*]" = YES;
				"INFOPLIST_KEY_UILaunchScreen_Generation[sdk=iphonesimulator*]" = YES;
				"INFOPLIST_KEY_UIStatusBarStyle[sdk=iphoneos*]" = UIStatusBarStyleDefault;
				"INFOPLIST_KEY_UIStatusBarStyle[sdk=iphonesimulator*]" = UIStatusBarStyleDefault;
				INFOPLIST_KEY_UISupportedInterfaceOrientations_iPad = "UIInterfaceOrientationPortrait UIInterfaceOrientationPortraitUpsideDown UIInterfaceOrientationLandscapeLeft UIInterfaceOrientationLandscapeRight";
				INFOPLIST_KEY_UISupportedInterfaceOrientations_iPhone = "UIInterfaceOrientationPortrait UIInterfaceOrientationLandscapeLeft UIInterfaceOrientationLandscapeRight";
				IPHONEOS_DEPLOYMENT_TARGET = 17.4;
				LD_RUNPATH_SEARCH_PATHS = "@executable_path/Frameworks";
				"LD_RUNPATH_SEARCH_PATHS[sdk=macosx*]" = "@executable_path/../Frameworks";
				MACOSX_DEPLOYMENT_TARGET = 14.4;
				MARKETING_VERSION = 1.0;
				PRODUCT_BUNDLE_IDENTIFIER = com.example.moneyandfame.KahootClone;
				PRODUCT_NAME = "$(TARGET_NAME)";
				SDKROOT = auto;
				SUPPORTED_PLATFORMS = "iphoneos iphonesimulator macosx";
				SWIFT_EMIT_LOC_STRINGS = YES;
				SWIFT_VERSION = 5.0;
				TARGETED_DEVICE_FAMILY = "1,2";
			};
			name = Debug;
		};
		165962392BA6E7710041D9AE /* Release */ = {
			isa = XCBuildConfiguration;
			buildSettings = {
				ASSETCATALOG_COMPILER_APPICON_NAME = AppIcon;
				ASSETCATALOG_COMPILER_GLOBAL_ACCENT_COLOR_NAME = AccentColor;
				CODE_SIGN_ENTITLEMENTS = KahootClone/KahootClone.entitlements;
				CODE_SIGN_STYLE = Automatic;
				CURRENT_PROJECT_VERSION = 1;
				DEVELOPMENT_ASSET_PATHS = "\"KahootClone/Preview Content\"";
				DEVELOPMENT_TEAM = Y7LXXV3QH5;
				ENABLE_HARDENED_RUNTIME = YES;
				ENABLE_PREVIEWS = YES;
				GENERATE_INFOPLIST_FILE = YES;
				INFOPLIST_FILE = KahootClone/Info.plist;
				"INFOPLIST_KEY_UIApplicationSceneManifest_Generation[sdk=iphoneos*]" = YES;
				"INFOPLIST_KEY_UIApplicationSceneManifest_Generation[sdk=iphonesimulator*]" = YES;
				"INFOPLIST_KEY_UIApplicationSupportsIndirectInputEvents[sdk=iphoneos*]" = YES;
				"INFOPLIST_KEY_UIApplicationSupportsIndirectInputEvents[sdk=iphonesimulator*]" = YES;
				"INFOPLIST_KEY_UILaunchScreen_Generation[sdk=iphoneos*]" = YES;
				"INFOPLIST_KEY_UILaunchScreen_Generation[sdk=iphonesimulator*]" = YES;
				"INFOPLIST_KEY_UIStatusBarStyle[sdk=iphoneos*]" = UIStatusBarStyleDefault;
				"INFOPLIST_KEY_UIStatusBarStyle[sdk=iphonesimulator*]" = UIStatusBarStyleDefault;
				INFOPLIST_KEY_UISupportedInterfaceOrientations_iPad = "UIInterfaceOrientationPortrait UIInterfaceOrientationPortraitUpsideDown UIInterfaceOrientationLandscapeLeft UIInterfaceOrientationLandscapeRight";
				INFOPLIST_KEY_UISupportedInterfaceOrientations_iPhone = "UIInterfaceOrientationPortrait UIInterfaceOrientationLandscapeLeft UIInterfaceOrientationLandscapeRight";
				IPHONEOS_DEPLOYMENT_TARGET = 17.4;
				LD_RUNPATH_SEARCH_PATHS = "@executable_path/Frameworks";
				"LD_RUNPATH_SEARCH_PATHS[sdk=macosx*]" = "@executable_path/../Frameworks";
				MACOSX_DEPLOYMENT_TARGET = 14.4;
				MARKETING_VERSION = 1.0;
				PRODUCT_BUNDLE_IDENTIFIER = com.example.moneyandfame.KahootClone;
				PRODUCT_NAME = "$(TARGET_NAME)";
				SDKROOT = auto;
				SUPPORTED_PLATFORMS = "iphoneos iphonesimulator macosx";
				SWIFT_EMIT_LOC_STRINGS = YES;
				SWIFT_VERSION = 5.0;
				TARGETED_DEVICE_FAMILY = "1,2";
			};
			name = Release;
		};
/* End XCBuildConfiguration section */

/* Begin XCConfigurationList section */
		165962232BA6E7700041D9AE /* Build configuration list for PBXProject "KahootClone" */ = {
			isa = XCConfigurationList;
			buildConfigurations = (
				165962352BA6E7710041D9AE /* Debug */,
				165962362BA6E7710041D9AE /* Release */,
			);
			defaultConfigurationIsVisible = 0;
			defaultConfigurationName = Release;
		};
		165962372BA6E7710041D9AE /* Build configuration list for PBXNativeTarget "KahootClone" */ = {
			isa = XCConfigurationList;
			buildConfigurations = (
				165962382BA6E7710041D9AE /* Debug */,
				165962392BA6E7710041D9AE /* Release */,
			);
			defaultConfigurationIsVisible = 0;
			defaultConfigurationName = Release;
		};
/* End XCConfigurationList section */

/* Begin XCRemoteSwiftPackageReference section */
		1659624C2BA6F14D0041D9AE /* XCRemoteSwiftPackageReference "firebase-ios-sdk" */ = {
			isa = XCRemoteSwiftPackageReference;
			repositoryURL = "https://github.com/firebase/firebase-ios-sdk";
			requirement = {
				kind = upToNextMajorVersion;
				minimumVersion = 10.22.1;
			};
		};
/* End XCRemoteSwiftPackageReference section */

/* Begin XCSwiftPackageProductDependency section */
		1635B9562BBF19A100E1E9C5 /* FirebaseAuth */ = {
			isa = XCSwiftPackageProductDependency;
			package = 1659624C2BA6F14D0041D9AE /* XCRemoteSwiftPackageReference "firebase-ios-sdk" */;
			productName = FirebaseAuth;
		};
		1659624D2BA6F14D0041D9AE /* FirebaseAnalytics */ = {
			isa = XCSwiftPackageProductDependency;
			package = 1659624C2BA6F14D0041D9AE /* XCRemoteSwiftPackageReference "firebase-ios-sdk" */;
			productName = FirebaseAnalytics;
		};
		165962512BA6F14D0041D9AE /* FirebaseAnalyticsSwift */ = {
			isa = XCSwiftPackageProductDependency;
			package = 1659624C2BA6F14D0041D9AE /* XCRemoteSwiftPackageReference "firebase-ios-sdk" */;
			productName = FirebaseAnalyticsSwift;
		};
/* End XCSwiftPackageProductDependency section */
	};
	rootObject = 165962202BA6E7700041D9AE /* Project object */;
}
